
Microsoft Visual Studio Solution File, Format Version 12.00
# Visual Studio Version 17
VisualStudioVersion = 17.14.36518.9 d17.14
MinimumVisualStudioVersion = 10.0.40219.1
Project("{FAE04EC0-301F-11D3-BF4B-00C04F79EFBC}") = "web_SellPhone", "web_SellPhone\web_SellPhone.csproj", "{35D48A74-0F8B-442E-9047-878A487B4B52}"
EndProject
Global
	GlobalSection(SolutionConfigurationPlatforms) = preSolution
		Debug|Any CPU = Debug|Any CPU
		Release|Any CPU = Release|Any CPU
	EndGlobalSection
	GlobalSection(ProjectConfigurationPlatforms) = postSolution
		{35D48A74-0F8B-442E-9047-878A487B4B52}.Debug|Any CPU.ActiveCfg = Debug|Any CPU
		{35D48A74-0F8B-442E-9047-878A487B4B52}.Debug|Any CPU.Build.0 = Debug|Any CPU
		{35D48A74-0F8B-442E-9047-878A487B4B52}.Release|Any CPU.ActiveCfg = Release|Any CPU
		{35D48A74-0F8B-442E-9047-878A487B4B52}.Release|Any CPU.Build.0 = Release|Any CPU
	EndGlobalSection
	GlobalSection(SolutionProperties) = preSolution
		HideSolutionNode = FALSE
	EndGlobalSection
	GlobalSection(ExtensibilityGlobals) = postSolution
		SolutionGuid = {6402AF4D-74A6-48A9-BC99-E66E65A4314A}
	EndGlobalSection
EndGlobal
